
Microsoft Visual Studio Solution File, Format Version 12.00
# Visual Studio Version 17
VisualStudioVersion = 17.13.35806.99 d17.13
MinimumVisualStudioVersion = 10.0.40219.1
Project("{FAE04EC0-301F-11D3-BF4B-00C04F79EFBC}") = "ConsoleApp1", "ConsoleApp1.csproj", "{C0F5D794-86E3-4E1C-B601-F5B61DC266BD}"
EndProject
Global
	GlobalSection(SolutionConfigurationPlatforms) = preSolution
		Debug|Any CPU = Debug|Any CPU
		Release|Any CPU = Release|Any CPU
	EndGlobalSection
	GlobalSection(ProjectConfigurationPlatforms) = postSolution
		{C0F5D794-86E3-4E1C-B601-F5B61DC266BD}.Debug|Any CPU.ActiveCfg = Debug|Any CPU
		{C0F5D794-86E3-4E1C-B601-F5B61DC266BD}.Debug|Any CPU.Build.0 = Debug|Any CPU
		{C0F5D794-86E3-4E1C-B601-F5B61DC266BD}.Release|Any CPU.ActiveCfg = Release|Any CPU
		{C0F5D794-86E3-4E1C-B601-F5B61DC266BD}.Release|Any CPU.Build.0 = Release|Any CPU
	EndGlobalSection
	GlobalSection(SolutionProperties) = preSolution
		HideSolutionNode = FALSE
	EndGlobalSection
	GlobalSection(ExtensibilityGlobals) = postSolution
		SolutionGuid = {7ABC8274-C447-4D4A-B733-AF25D332F6AB}
	EndGlobalSection
EndGlobal
